{
  "name": "ppv-hls-stream-resolver",
  "lockfileVersion": 3,
  "requires": true,
  "packages": {
    "": {
      "name": "ppv-hls-stream-resolver",
      "dependencies": {
        "happy-dom": "^20.10.6",
        "impit": "^0.14.1"
      }
    },
    "node_modules/@types/node": {
      "version": "26.1.0",
      "resolved": "https://registry.npmjs.org/@types/node/-/node-26.1.0.tgz",
      "integrity": "sha512-O0A1G3xPGy4w7AgQdAQYUlQ+BKk2Oovw8eRpofyp5KdBZULnbe+WqaOVNrm705SHphCiG4XHsACrSmPu1f+Kgw==",
      "license": "MIT",
      "dependencies": {
        "undici-types": "~8.3.0"
      }
    },
    "node_modules/@types/whatwg-mimetype": {
      "version": "3.0.2",
      "resolved": "https://registry.npmjs.org/@types/whatwg-mimetype/-/whatwg-mimetype-3.0.2.tgz",
      "integrity": "sha512-c2AKvDT8ToxLIOUlN51gTiHXflsfIFisS4pO7pDPoKouJCESkhZnEy623gwP9laCy5lnLDAw1vAzu2vM2YLOrA==",
      "license": "MIT"
    },
    "node_modules/@types/ws": {
      "version": "8.18.1",
      "resolved": "https://registry.npmjs.org/@types/ws/-/ws-8.18.1.tgz",
      "integrity": "sha512-ThVF6DCVhA8kUGy+aazFQ4kXQ7E1Ty7A3ypFOe0IcJV8O/M511G99AW24irKrW56Wt44yG9+ij8FaqoBGkuBXg==",
      "license": "MIT",
      "dependencies": {
        "@types/node": "*"
      }
    },
    "node_modules/buffer-image-size": {
      "version": "0.6.4",
      "resolved": "https://registry.npmjs.org/buffer-image-size/-/buffer-image-size-0.6.4.tgz",
      "integrity": "sha512-nEh+kZOPY1w+gcCMobZ6ETUp9WfibndnosbpwB1iJk/8Gt5ZF2bhS6+B6bPYz424KtwsR6Rflc3tCz1/ghX2dQ==",
      "license": "MIT",
      "dependencies": {
        "@types/node": "*"
      },
      "engines": {
        "node": ">=4.0"
      }
    },
    "node_modules/entities": {
      "version": "7.0.1",
      "resolved": "https://registry.npmjs.org/entities/-/entities-7.0.1.tgz",
      "integrity": "sha512-TWrgLOFUQTH994YUyl1yT4uyavY5nNB5muff+RtWaqNVCAK408b5ZnnbNAUEWLTCpum9w6arT70i1XdQ4UeOPA==",
      "license": "BSD-2-Clause",
      "engines": {
        "node": ">=0.12"
      },
      "funding": {
        "url": "https://github.com/fb55/entities?sponsor=1"
      }
    },
    "node_modules/happy-dom": {
      "version": "20.10.6",
      "resolved": "https://registry.npmjs.org/happy-dom/-/happy-dom-20.10.6.tgz",
      "integrity": "sha512-6QD0ilzDDt93tX44y8tbmZdAcdTRYDhUP+Asgi6pC8Pp5IA3cvaZGyoVN/EGtlq9ziT65iPuBBn3ASLr6hCgVw==",
      "license": "MIT",
      "dependencies": {
        "@types/node": ">=20.0.0",
        "@types/whatwg-mimetype": "^3.0.2",
        "@types/ws": "^8.18.1",
        "buffer-image-size": "^0.6.4",
        "entities": "^7.0.1",
        "whatwg-mimetype": "^3.0.0",
        "ws": "^8.21.0"
      },
      "engines": {
        "node": ">=20.0.0"
      }
    },
    "node_modules/impit": {
      "version": "0.14.2",
      "resolved": "https://registry.npmjs.org/impit/-/impit-0.14.2.tgz",
      "integrity": "sha512-8JlirJDFdrZg7a7nV00Jn5WO8K+X1FJQSVFrChxRyzkSAFv6mmGgriXS33wbJFUxpiOGY/MJpHY8hhmLfDcJDw==",
      "license": "Apache-2.0",
      "engines": {
        "node": ">= 20"
      },
      "optionalDependencies": {
        "impit-darwin-arm64": "0.14.2",
        "impit-darwin-x64": "0.14.2",
        "impit-linux-arm64-gnu": "0.14.2",
        "impit-linux-arm64-musl": "0.14.2",
        "impit-linux-x64-gnu": "0.14.2",
        "impit-linux-x64-musl": "0.14.2",
        "impit-win32-arm64-msvc": "0.14.2",
        "impit-win32-x64-msvc": "0.14.2"
      }
    },
    "node_modules/impit-darwin-arm64": {
      "version": "0.14.2",
      "resolved": "https://registry.npmjs.org/impit-darwin-arm64/-/impit-darwin-arm64-0.14.2.tgz",
      "integrity": "sha512-ChvxbJj893rWAhHXJ3kkGe8Pg4lsZwQ1Dt0w/noCkNe436gm0nIQ/eBBbwIJBsY4Ev7q6fgi/QerF2trSyUXmg==",
      "cpu": [
        "arm64"
      ],
      "license": "Apache-2.0",
      "optional": true,
      "os": [
        "darwin"
      ],
      "engines": {
        "node": ">= 10"
      }
    },
    "node_modules/impit-darwin-x64": {
      "version": "0.14.2",
      "resolved": "https://registry.npmjs.org/impit-darwin-x64/-/impit-darwin-x64-0.14.2.tgz",
      "integrity": "sha512-r1g3WkwljcRgY1V0yBCUJ0/Sy6OHLc4RUrfz3mHi2X4WvkTk7aY17K4X+baBx+tcpOfE/ME/iWAY/PesOM9JVA==",
      "cpu": [
        "x64"
      ],
      "license": "Apache-2.0",
      "optional": true,
      "os": [
        "darwin"
      ],
      "engines": {
        "node": ">= 10"
      }
    },
    "node_modules/impit-linux-arm64-gnu": {
      "version": "0.14.2",
      "resolved": "https://registry.npmjs.org/impit-linux-arm64-gnu/-/impit-linux-arm64-gnu-0.14.2.tgz",
      "integrity": "sha512-JZJqUnEqFiktcXVgg/AIKkSv8SGu5zoQ7lf9CSvS0eEiwSlHnLUPwBiFc9/mSHDIUQkM9qlvJyGUiGqGEt9K6A==",
      "cpu": [
        "arm64"
      ],
      "libc": [
        "glibc"
      ],
      "license": "Apache-2.0",
      "optional": true,
      "os": [
        "linux"
      ],
      "engines": {
        "node": ">= 10"
      }
    },
    "node_modules/impit-linux-arm64-musl": {
      "version": "0.14.2",
      "resolved": "https://registry.npmjs.org/impit-linux-arm64-musl/-/impit-linux-arm64-musl-0.14.2.tgz",
      "integrity": "sha512-ZsL9JAFEZBP3tvT8h4pkcg/b/MtHP8mZSgsncD6z9+qKM/IjqiDYwQunKaAYMwGu0EEbjtaU4C1zTK6ipnvwbA==",
      "cpu": [
        "arm64"
      ],
      "libc": [
        "musl"
      ],
      "license": "Apache-2.0",
      "optional": true,
      "os": [
        "linux"
      ],
      "engines": {
        "node": ">= 10"
      }
    },
    "node_modules/impit-linux-x64-gnu": {
      "version": "0.14.2",
      "resolved": "https://registry.npmjs.org/impit-linux-x64-gnu/-/impit-linux-x64-gnu-0.14.2.tgz",
      "integrity": "sha512-3/keeSOCiByIfbOpmvixRXDlCdcyf112ru0fNl7AcpC1RtQz48ctsAn6R4+xEEnULO63By5VK9X0HNm1O2gUdw==",
      "cpu": [
        "x64"
      ],
      "libc": [
        "glibc"
      ],
      "license": "Apache-2.0",
      "optional": true,
      "os": [
        "linux"
      ],
      "engines": {
        "node": ">= 10"
      }
    },
    "node_modules/impit-linux-x64-musl": {
      "version": "0.14.2",
      "resolved": "https://registry.npmjs.org/impit-linux-x64-musl/-/impit-linux-x64-musl-0.14.2.tgz",
      "integrity": "sha512-BiUXZhj6lQOrZmeYB4HqYiBS5XvM/clrSVyZyae/CJshELUyYOLNxnTOxabd0tWR6J9ntC7bZwDrwskWD/TePA==",
      "cpu": [
        "x64"
      ],
      "libc": [
        "musl"
      ],
      "license": "Apache-2.0",
      "optional": true,
      "os": [
        "linux"
      ],
      "engines": {
        "node": ">= 10"
      }
    },
    "node_modules/impit-win32-arm64-msvc": {
      "version": "0.14.2",
      "resolved": "https://registry.npmjs.org/impit-win32-arm64-msvc/-/impit-win32-arm64-msvc-0.14.2.tgz",
      "integrity": "sha512-GQT3ITrIbh5P6FLzoHGuBpjrP/rzZoC3T0510+yCtLdQ1qQQzEIi1iCUElpCokyL4J/D4BdCRMS3wv3TzhcM4w==",
      "cpu": [
        "arm64"
      ],
      "license": "Apache-2.0",
      "optional": true,
      "os": [
        "win32"
      ],
      "engines": {
        "node": ">= 10"
      }
    },
    "node_modules/impit-win32-x64-msvc": {
      "version": "0.14.2",
      "resolved": "https://registry.npmjs.org/impit-win32-x64-msvc/-/impit-win32-x64-msvc-0.14.2.tgz",
      "integrity": "sha512-J6MpD0GzoMN9ydb2iT2oagE0Y4rbkKf8fDxrMh3/txp2sfzYDDfbcC4sySMm2b8QB4ERhB6N5YzcpGBAHbx/0w==",
      "cpu": [
        "x64"
      ],
      "license": "Apache-2.0",
      "optional": true,
      "os": [
        "win32"
      ],
      "engines": {
        "node": ">= 10"
      }
    },
    "node_modules/undici-types": {
      "version": "8.3.0",
      "resolved": "https://registry.npmjs.org/undici-types/-/undici-types-8.3.0.tgz",
      "integrity": "sha512-j375ScV60dom+YkPFIfTLcOiPxkN/buHz5GobjLhixFuANaNs3C9l4GmrWqejgXWJ7BbJcFYpTEUkS1Ge8bpZQ==",
      "license": "MIT"
    },
    "node_modules/whatwg-mimetype": {
      "version": "3.0.0",
      "resolved": "https://registry.npmjs.org/whatwg-mimetype/-/whatwg-mimetype-3.0.0.tgz",
      "integrity": "sha512-nt+N2dzIutVRxARx1nghPKGv1xHikU7HKdfafKkLNLindmPU/ch3U31NOCGGA/dmPcmb1VlofO0vnKAcsm0o/Q==",
      "license": "MIT",
      "engines": {
        "node": ">=12"
      }
    },
    "node_modules/ws": {
      "version": "8.21.0",
      "resolved": "https://registry.npmjs.org/ws/-/ws-8.21.0.tgz",
      "integrity": "sha512-Vsp28b7DRcimFQvrqu2Wek3z1iYxDCWqHYB8Qsnk/S4RfaCQzPGPyBNuVjJV3cd6UiKtUtp6sNM77gWvzcCH+g==",
      "license": "MIT",
      "engines": {
        "node": ">=10.0.0"
      },
      "peerDependencies": {
        "bufferutil": "^4.0.1",
        "utf-8-validate": ">=5.0.2"
      },
      "peerDependenciesMeta": {
        "bufferutil": {
          "optional": true
        },
        "utf-8-validate": {
          "optional": true
        }
      }
    }
  }
}
